
Microsoft Visual Studio Solution File, Format Version 12.00
# Visual Studio Version 17
VisualStudioVersion = 17.14.37314.3
MinimumVisualStudioVersion = 10.0.40219.1
Project("{FAE04EC0-301F-11D3-BF4B-00C04F79EFBC}") = "EShop.ProductApi", "EShop.ProductApi\EShop.ProductApi.csproj", "{42FC7307-317A-4FBB-9EA1-D98D7E5DE344}"
EndProject
Project("{FAE04EC0-301F-11D3-BF4B-00C04F79EFBC}") = "EShop.Web", "EShop.Web\EShop.Web.csproj", "{A3020EC7-1805-47ED-8E18-2F97B363F5DD}"
EndProject
Project("{2150E333-8FDC-42A3-9474-1A3956D46DE8}") = "FrontEnd", "FrontEnd", "{02EA681E-C7D8-13C7-8484-4AC65E1B71E8}"
EndProject
Project("{2150E333-8FDC-42A3-9474-1A3956D46DE8}") = "Backend", "Backend", "{60A5A188-747A-40C8-93F8-854BB1063256}"
EndProject
Project("{FAE04EC0-301F-11D3-BF4B-00C04F79EFBC}") = "EShop.IdentityServer", "EShop.IdentityServer\EShop.IdentityServer.csproj", "{6886527B-CEE1-43C6-BB13-8E94C4E63D2B}"
EndProject
Global
	GlobalSection(SolutionConfigurationPlatforms) = preSolution
		Debug|Any CPU = Debug|Any CPU
		Release|Any CPU = Release|Any CPU
	EndGlobalSection
	GlobalSection(ProjectConfigurationPlatforms) = postSolution
		{42FC7307-317A-4FBB-9EA1-D98D7E5DE344}.Debug|Any CPU.ActiveCfg = Debug|Any CPU
		{42FC7307-317A-4FBB-9EA1-D98D7E5DE344}.Debug|Any CPU.Build.0 = Debug|Any CPU
		{42FC7307-317A-4FBB-9EA1-D98D7E5DE344}.Release|Any CPU.ActiveCfg = Release|Any CPU
		{42FC7307-317A-4FBB-9EA1-D98D7E5DE344}.Release|Any CPU.Build.0 = Release|Any CPU
		{A3020EC7-1805-47ED-8E18-2F97B363F5DD}.Debug|Any CPU.ActiveCfg = Debug|Any CPU
		{A3020EC7-1805-47ED-8E18-2F97B363F5DD}.Debug|Any CPU.Build.0 = Debug|Any CPU
		{A3020EC7-1805-47ED-8E18-2F97B363F5DD}.Release|Any CPU.ActiveCfg = Release|Any CPU
		{A3020EC7-1805-47ED-8E18-2F97B363F5DD}.Release|Any CPU.Build.0 = Release|Any CPU
		{6886527B-CEE1-43C6-BB13-8E94C4E63D2B}.Debug|Any CPU.ActiveCfg = Debug|Any CPU
		{6886527B-CEE1-43C6-BB13-8E94C4E63D2B}.Debug|Any CPU.Build.0 = Debug|Any CPU
		{6886527B-CEE1-43C6-BB13-8E94C4E63D2B}.Release|Any CPU.ActiveCfg = Release|Any CPU
		{6886527B-CEE1-43C6-BB13-8E94C4E63D2B}.Release|Any CPU.Build.0 = Release|Any CPU
	EndGlobalSection
	GlobalSection(SolutionProperties) = preSolution
		HideSolutionNode = FALSE
	EndGlobalSection
	GlobalSection(NestedProjects) = preSolution
		{42FC7307-317A-4FBB-9EA1-D98D7E5DE344} = {60A5A188-747A-40C8-93F8-854BB1063256}
		{A3020EC7-1805-47ED-8E18-2F97B363F5DD} = {02EA681E-C7D8-13C7-8484-4AC65E1B71E8}
		{6886527B-CEE1-43C6-BB13-8E94C4E63D2B} = {60A5A188-747A-40C8-93F8-854BB1063256}
	EndGlobalSection
	GlobalSection(ExtensibilityGlobals) = postSolution
		SolutionGuid = {041498D2-827C-407C-8AB3-AB507B6BB33D}
	EndGlobalSection
EndGlobal
